
Microsoft Visual Studio Solution File, Format Version 12.00
# Visual Studio Version 16
VisualStudioVersion = 16.0.31702.278
MinimumVisualStudioVersion = 10.0.40219.1
Project("{2150E333-8FDC-42A3-9474-1A3956D46DE8}") = "Solution Items", "Solution Items", "{688836B8-6533-4EEF-8298-6AE8ABD4A209}"
EndProject
Project("{8BC9CEB8-8B4A-11D0-8D11-00A0C91BC942}") = "Challenge 15.1 Employee and ProductionWorker Classes", "..\Challenge 15.1 Employee and ProductionWorker Classes\Challenge 15.1 Employee and ProductionWorker Classes.vcxproj", "{EB93C2D1-3970-42A5-BEE3-03D227968AED}"
EndProject
Global
	GlobalSection(SolutionConfigurationPlatforms) = preSolution
		Debug|x64 = Debug|x64
		Debug|x86 = Debug|x86
		Release|x64 = Release|x64
		Release|x86 = Release|x86
	EndGlobalSection
	GlobalSection(ProjectConfigurationPlatforms) = postSolution
		{EB93C2D1-3970-42A5-BEE3-03D227968AED}.Debug|x64.ActiveCfg = Debug|x64
		{EB93C2D1-3970-42A5-BEE3-03D227968AED}.Debug|x64.Build.0 = Debug|x64
		{EB93C2D1-3970-42A5-BEE3-03D227968AED}.Debug|x86.ActiveCfg = Debug|Win32
		{EB93C2D1-3970-42A5-BEE3-03D227968AED}.Debug|x86.Build.0 = Debug|Win32
		{EB93C2D1-3970-42A5-BEE3-03D227968AED}.Release|x64.ActiveCfg = Release|x64
		{EB93C2D1-3970-42A5-BEE3-03D227968AED}.Release|x64.Build.0 = Release|x64
		{EB93C2D1-3970-42A5-BEE3-03D227968AED}.Release|x86.ActiveCfg = Release|Win32
		{EB93C2D1-3970-42A5-BEE3-03D227968AED}.Release|x86.Build.0 = Release|Win32
	EndGlobalSection
	GlobalSection(SolutionProperties) = preSolution
		HideSolutionNode = FALSE
	EndGlobalSection
	GlobalSection(ExtensibilityGlobals) = postSolution
		SolutionGuid = {ACED1A89-043D-4B57-9C46-3E57D5D7DAD5}
	EndGlobalSection
EndGlobal
